
Microsoft Visual Studio Solution File, Format Version 12.00
# Visual Studio Version 17
VisualStudioVersion = 17.9.34728.123
MinimumVisualStudioVersion = 10.0.40219.1
Project("{9A19103F-16F7-4668-BE54-9A1E7A4F7556}") = "Cheat", "Cheat\Cheat.csproj", "{4E1CEDC7-F231-4026-86CA-41714D23E72F}"
EndProject
Project("{54435603-DBB4-11D2-8724-00A0C9A8B90C}") = "Installer", "Installer\Installer.vdproj", "{2CF0B297-3F1A-4120-BFB6-8120E491F002}"
EndProject
Global
	GlobalSection(SolutionConfigurationPlatforms) = preSolution
		Debug|Any CPU = Debug|Any CPU
		Release|Any CPU = Release|Any CPU
	EndGlobalSection
	GlobalSection(ProjectConfigurationPlatforms) = postSolution
		{4E1CEDC7-F231-4026-86CA-41714D23E72F}.Debug|Any CPU.ActiveCfg = Debug|Any CPU
		{4E1CEDC7-F231-4026-86CA-41714D23E72F}.Debug|Any CPU.Build.0 = Debug|Any CPU
		{4E1CEDC7-F231-4026-86CA-41714D23E72F}.Release|Any CPU.ActiveCfg = Release|Any CPU
		{4E1CEDC7-F231-4026-86CA-41714D23E72F}.Release|Any CPU.Build.0 = Release|Any CPU
		{2CF0B297-3F1A-4120-BFB6-8120E491F002}.Debug|Any CPU.ActiveCfg = Debug
		{2CF0B297-3F1A-4120-BFB6-8120E491F002}.Release|Any CPU.ActiveCfg = Release
		{2CF0B297-3F1A-4120-BFB6-8120E491F002}.Release|Any CPU.Build.0 = Release
	EndGlobalSection
	GlobalSection(SolutionProperties) = preSolution
		HideSolutionNode = FALSE
	EndGlobalSection
	GlobalSection(ExtensibilityGlobals) = postSolution
		SolutionGuid = {3FBE2C12-69AF-490C-A6A7-37BF4F1F5CA1}
	EndGlobalSection
EndGlobal
